
Microsoft Visual Studio Solution File, Format Version 12.00
# Visual Studio Version 16
VisualStudioVersion = 16.0.32901.82
MinimumVisualStudioVersion = 10.0.40219.1
Project("{9A19103F-16F7-4668-BE54-9A1E7A4F7556}") = "source", "source\Arbitrage Trading.csproj", "{D12EA3B0-51BB-433E-ACA2-EC039B61D512}"
EndProject
Project("{FAE04EC0-301F-11D3-BF4B-00C04F79EFBC}") = "ArbitrageTradingTests", "ArbitrageTradingTests\ArbitrageTradingTests.csproj", "{F5D9205E-2211-4C38-819E-EBB0282D293E}"
EndProject
Global
	GlobalSection(SolutionConfigurationPlatforms) = preSolution
		Debug|Any CPU = Debug|Any CPU
		Release|Any CPU = Release|Any CPU
	EndGlobalSection
	GlobalSection(ProjectConfigurationPlatforms) = postSolution
		{D12EA3B0-51BB-433E-ACA2-EC039B61D512}.Debug|Any CPU.ActiveCfg = Debug|Any CPU
		{D12EA3B0-51BB-433E-ACA2-EC039B61D512}.Debug|Any CPU.Build.0 = Debug|Any CPU
		{D12EA3B0-51BB-433E-ACA2-EC039B61D512}.Release|Any CPU.ActiveCfg = Release|Any CPU
		{D12EA3B0-51BB-433E-ACA2-EC039B61D512}.Release|Any CPU.Build.0 = Release|Any CPU
		{F5D9205E-2211-4C38-819E-EBB0282D293E}.Debug|Any CPU.ActiveCfg = Debug|Any CPU
		{F5D9205E-2211-4C38-819E-EBB0282D293E}.Debug|Any CPU.Build.0 = Debug|Any CPU
		{F5D9205E-2211-4C38-819E-EBB0282D293E}.Release|Any CPU.ActiveCfg = Release|Any CPU
		{F5D9205E-2211-4C38-819E-EBB0282D293E}.Release|Any CPU.Build.0 = Release|Any CPU
	EndGlobalSection
	GlobalSection(SolutionProperties) = preSolution
		HideSolutionNode = FALSE
	EndGlobalSection
	GlobalSection(ExtensibilityGlobals) = postSolution
		SolutionGuid = {2518DBB0-52DB-4335-8B56-4AA3178189C1}
	EndGlobalSection
EndGlobal
